// !$*UTF8*$!
{
	archiveVersion = 1;
	classes = {
	};
	objectVersion = 50;
	objects = {

/* Begin PBXBuildFile section */
		D2251EEC21BCDFF900C050EF /* AppDelegate.swift in Sources */ = {isa = PBXBuildFile; fileRef = D2251EEB21BCDFF900C050EF /* AppDelegate.swift */; };
		D2251EEE21BCDFF900C050EF /* NavViewController.swift in Sources */ = {isa = PBXBuildFile; fileRef = D2251EED21BCDFF900C050EF /* NavViewController.swift */; };
		D2251EF121BCDFF900C050EF /* Main.storyboard in Resources */ = {isa = PBXBuildFile; fileRef = D2251EEF21BCDFF900C050EF /* Main.storyboard */; };
		D2251EF321BCDFFA00C050EF /* Assets.xcassets in Resources */ = {isa = PBXBuildFile; fileRef = D2251EF221BCDFFA00C050EF /* Assets.xcassets */; };
		D2251EF621BCDFFA00C050EF /* LaunchScreen.storyboard in Resources */ = {isa = PBXBuildFile; fileRef = D2251EF421BCDFFA00C050EF /* LaunchScreen.storyboard */; };
		D2251EFE21BCEA9800C050EF /* RootVC.swift in Sources */ = {isa = PBXBuildFile; fileRef = D2251EFD21BCEA9800C050EF /* RootVC.swift */; };
		D2251F0021BD511E00C050EF /* TableVC.swift in Sources */ = {isa = PBXBuildFile; fileRef = D2251EFF21BD511E00C050EF /* TableVC.swift */; };
		D2AB8A762222BD740000CCA7 /* NavTransitionContext.swift in Sources */ = {isa = PBXBuildFile; fileRef = D2AB8A752222BD740000CCA7 /* NavTransitionContext.swift */; };
		D2AB8A782222C1030000CCA7 /* NavAnimatedTransition.swift in Sources */ = {isa = PBXBuildFile; fileRef = D2AB8A772222C1030000CCA7 /* NavAnimatedTransition.swift */; };
/* End PBXBuildFile section */

/* Begin PBXFileReference section */
		D2251EE821BCDFF900C050EF /* AppNav.app */ = {isa = PBXFileReference; explicitFileType = wrapper.application; includeInIndex = 0; path = AppNav.app; sourceTree = BUILT_PRODUCTS_DIR; };
		D2251EEB21BCDFF900C050EF /* AppDelegate.swift */ = {isa = PBXFileReference; lastKnownFileType = sourcecode.swift; path = AppDelegate.swift; sourceTree = "<group>"; };
		D2251EED21BCDFF900C050EF /* NavViewController.swift */ = {isa = PBXFileReference; lastKnownFileType = sourcecode.swift; path = NavViewController.swift; sourceTree = "<group>"; };
		D2251EF021BCDFF900C050EF /* Base */ = {isa = PBXFileReference; lastKnownFileType = file.storyboard; name = Base; path = Base.lproj/Main.storyboard; sourceTree = "<group>"; };
		D2251EF221BCDFFA00C050EF /* Assets.xcassets */ = {isa = PBXFileReference; lastKnownFileType = folder.assetcatalog; path = Assets.xcassets; sourceTree = "<group>"; };
		D2251EF521BCDFFA00C050EF /* Base */ = {isa = PBXFileReference; lastKnownFileType = file.storyboard; name = Base; path = Base.lproj/LaunchScreen.storyboard; sourceTree = "<group>"; };
		D2251EF721BCDFFA00C050EF /* Info.plist */ = {isa = PBXFileReference; lastKnownFileType = text.plist.xml; path = Info.plist; sourceTree = "<group>"; };
		D2251EFD21BCEA9800C050EF /* RootVC.swift */ = {isa = PBXFileReference; lastKnownFileType = sourcecode.swift; path = RootVC.swift; sourceTree = "<group>"; };
		D2251EFF21BD511E00C050EF /* TableVC.swift */ = {isa = PBXFileReference; lastKnownFileType = sourcecode.swift; path = TableVC.swift; sourceTree = "<group>"; };
		D2AB8A752222BD740000CCA7 /* NavTransitionContext.swift */ = {isa = PBXFileReference; lastKnownFileType = sourcecode.swift; path = NavTransitionContext.swift; sourceTree = "<group>"; };
		D2AB8A772222C1030000CCA7 /* NavAnimatedTransition.swift */ = {isa = PBXFileReference; lastKnownFileType = sourcecode.swift; path = NavAnimatedTransition.swift; sourceTree = "<group>"; };
/* End PBXFileReference section */

/* Begin PBXFrameworksBuildPhase section */
		D2251EE521BCDFF900C050EF /* Frameworks */ = {
			isa = PBXFrameworksBuildPhase;
			buildActionMask = 2147483647;
			files = (
			);
			runOnlyForDeploymentPostprocessing = 0;
		};
/* End PBXFrameworksBuildPhase section */

/* Begin PBXGroup section */
		D2251EDF21BCDFF900C050EF = {
			isa = PBXGroup;
			children = (
				D2251EEA21BCDFF900C050EF /* AppNav */,
				D2251EE921BCDFF900C050EF /* Products */,
			);
			sourceTree = "<group>";
		};
		D2251EE921BCDFF900C050EF /* Products */ = {
			isa = PBXGroup;
			children = (
				D2251EE821BCDFF900C050EF /* AppNav.app */,
			);
			name = Products;
			sourceTree = "<group>";
		};
		D2251EEA21BCDFF900C050EF /* AppNav */ = {
			isa = PBXGroup;
			children = (
				D2251EEB21BCDFF900C050EF /* AppDelegate.swift */,
				D2251EED21BCDFF900C050EF /* NavViewController.swift */,
				D2251EFD21BCEA9800C050EF /* RootVC.swift */,
				D2251EFF21BD511E00C050EF /* TableVC.swift */,
				D2AB8A752222BD740000CCA7 /* NavTransitionContext.swift */,
				D2AB8A772222C1030000CCA7 /* NavAnimatedTransition.swift */,
				D2251EEF21BCDFF900C050EF /* Main.storyboard */,
				D2251EF221BCDFFA00C050EF /* Assets.xcassets */,
				D2251EF421BCDFFA00C050EF /* LaunchScreen.storyboard */,
				D2251EF721BCDFFA00C050EF /* Info.plist */,
			);
			path = AppNav;
			sourceTree = "<group>";
		};
/* End PBXGroup section */

/* Begin PBXNativeTarget section */
		D2251EE721BCDFF900C050EF /* AppNav */ = {
			isa = PBXNativeTarget;
			buildConfigurationList = D2251EFA21BCDFFA00C050EF /* Build configuration list for PBXNativeTarget "AppNav" */;
			buildPhases = (
				D2251EE421BCDFF900C050EF /* Sources */,
				D2251EE521BCDFF900C050EF /* Frameworks */,
				D2251EE621BCDFF900C050EF /* Resources */,
			);
			buildRules = (
			);
			dependencies = (
			);
			name = AppNav;
			productName = AppNav;
			productReference = D2251EE821BCDFF900C050EF /* AppNav.app */;
			productType = "com.apple.product-type.application";
		};
/* End PBXNativeTarget section */

/* Begin PBXProject section */
		D2251EE021BCDFF900C050EF /* Project object */ = {
			isa = PBXProject;
			attributes = {
				LastSwiftUpdateCheck = 1010;
				LastUpgradeCheck = 1010;
				ORGANIZATIONNAME = "Neil Jain";
				TargetAttributes = {
					D2251EE721BCDFF900C050EF = {
						CreatedOnToolsVersion = 10.1;
					};
				};
			};
			buildConfigurationList = D2251EE321BCDFF900C050EF /* Build configuration list for PBXProject "AppNav" */;
			compatibilityVersion = "Xcode 9.3";
			developmentRegion = en;
			hasScannedForEncodings = 0;
			knownRegions = (
				en,
				Base,
			);
			mainGroup = D2251EDF21BCDFF900C050EF;
			productRefGroup = D2251EE921BCDFF900C050EF /* Products */;
			projectDirPath = "";
			projectRoot = "";
			targets = (
				D2251EE721BCDFF900C050EF /* AppNav */,
			);
		};
/* End PBXProject section */

/* Begin PBXResourcesBuildPhase section */
		D2251EE621BCDFF900C050EF /* Resources */ = {
			isa = PBXResourcesBuildPhase;
			buildActionMask = 2147483647;
			files = (
				D2251EF621BCDFFA00C050EF /* LaunchScreen.storyboard in Resources */,
				D2251EF321BCDFFA00C050EF /* Assets.xcassets in Resources */,
				D2251EF121BCDFF900C050EF /* Main.storyboard in Resources */,
			);
			runOnlyForDeploymentPostprocessing = 0;
		};
/* End PBXResourcesBuildPhase section */

/* Begin PBXSourcesBuildPhase section */
		D2251EE421BCDFF900C050EF /* Sources */ = {
			isa = PBXSourcesBuildPhase;
			buildActionMask = 2147483647;
			files = (
				D2AB8A762222BD740000CCA7 /* NavTransitionContext.swift in Sources */,
				D2251EFE21BCEA9800C050EF /* RootVC.swift in Sources */,
				D2251F0021BD511E00C050EF /* TableVC.swift in Sources */,
				D2251EEE21BCDFF900C050EF /* NavViewController.swift in Sources */,
				D2251EEC21BCDFF900C050EF /* AppDelegate.swift in Sources */,
				D2AB8A782222C1030000CCA7 /* NavAnimatedTransition.swift in Sources */,
			);
			runOnlyForDeploymentPostprocessing = 0;
		};
/* End PBXSourcesBuildPhase section */

/* Begin PBXVariantGroup section */
		D2251EEF21BCDFF900C050EF /* Main.storyboard */ = {
			isa = PBXVariantGroup;
			children = (
				D2251EF021BCDFF900C050EF /* Base */,
			);
			name = Main.storyboard;
			sourceTree = "<group>";
		};
		D2251EF421BCDFFA00C050EF /* LaunchScreen.storyboard */ = {
			isa = PBXVariantGroup;
			children = (
				D2251EF521BCDFFA00C050EF /* Base */,
			);
			name = LaunchScreen.storyboard;
			sourceTree = "<group>";
		};
/* End PBXVariantGroup section */

/* Begin XCBuildConfiguration section */
		D2251EF821BCDFFA00C050EF /* Debug */ = {
			isa = XCBuildConfiguration;
			buildSettings = {
				ALWAYS_SEARCH_USER_PATHS = NO;
				CLANG_ANALYZER_NONNULL = YES;
				CLANG_ANALYZER_NUMBER_OBJECT_CONVERSION = YES_AGGRESSIVE;
				CLANG_CXX_LANGUAGE_STANDARD = "gnu++14";
				CLANG_CXX_LIBRARY = "libc++";
				CLANG_ENABLE_MODULES = YES;
				CLANG_ENABLE_OBJC_ARC = YES;
				CLANG_ENABLE_OBJC_WEAK = YES;
				CLANG_WARN_BLOCK_CAPTURE_AUTORELEASING = YES;
				CLANG_WARN_BOOL_CONVERSION = YES;
				CLANG_WARN_COMMA = YES;
				CLANG_WARN_CONSTANT_CONVERSION = YES;
				CLANG_WARN_DEPRECATED_OBJC_IMPLEMENTATIONS = YES;
				CLANG_WARN_DIRECT_OBJC_ISA_USAGE = YES_ERROR;
				CLANG_WARN_DOCUMENTATION_COMMENTS = YES;
				CLANG_WARN_EMPTY_BODY = YES;
				CLANG_WARN_ENUM_CONVERSION = YES;
				CLANG_WARN_INFINITE_RECURSION = YES;
				CLANG_WARN_INT_CONVERSION = YES;
				CLANG_WARN_NON_LITERAL_NULL_CONVERSION = YES;
				CLANG_WARN_OBJC_IMPLICIT_RETAIN_SELF = YES;
				CLANG_WARN_OBJC_LITERAL_CONVERSION = YES;
				CLANG_WARN_OBJC_ROOT_CLASS = YES_ERROR;
				CLANG_WARN_RANGE_LOOP_ANALYSIS = YES;
				CLANG_WARN_STRICT_PROTOTYPES = YES;
				CLANG_WARN_SUSPICIOUS_MOVE = YES;
				CLANG_WARN_UNGUARDED_AVAILABILITY = YES_AGGRESSIVE;
				CLANG_WARN_UNREACHABLE_CODE = YES;
				CLANG_WARN__DUPLICATE_METHOD_MATCH = YES;
				CODE_SIGN_IDENTITY = "iPhone Developer";
				COPY_PHASE_STRIP = NO;
				DEBUG_INFORMATION_FORMAT = dwarf;
				ENABLE_STRICT_OBJC_MSGSEND = YES;
				ENABLE_TESTABILITY = YES;
				GCC_C_LANGUAGE_STANDARD = gnu11;
				GCC_DYNAMIC_NO_PIC = NO;
				GCC_NO_COMMON_BLOCKS = YES;
				GCC_OPTIMIZATION_LEVEL = 0;
				GCC_PREPROCESSOR_DEFINITIONS = (
					"DEBUG=1",
					"$(inherited)",
				);
				GCC_WARN_64_TO_32_BIT_CONVERSION = YES;
				GCC_WARN_ABOUT_RETURN_TYPE = YES_ERROR;
				GCC_WARN_UNDECLARED_SELECTOR = YES;
				GCC_WARN_UNINITIALIZED_AUTOS = YES_AGGRESSIVE;
				GCC_WARN_UNUSED_FUNCTION = YES;
				GCC_WARN_UNUSED_VARIABLE = YES;
				IPHONEOS_DEPLOYMENT_TARGET = 12.1;
				MTL_ENABLE_DEBUG_INFO = INCLUDE_SOURCE;
				MTL_FAST_MATH = YES;
				ONLY_ACTIVE_ARCH = YES;
				SDKROOT = iphoneos;
				SWIFT_ACTIVE_COMPILATION_CONDITIONS = DEBUG;
				SWIFT_OPTIMIZATION_LEVEL = "-Onone";
			};
			name = Debug;
		};
		D2251EF921BCDFFA00C050EF /* Release */ = {
			isa = XCBuildConfiguration;
			buildSettings = {
				ALWAYS_SEARCH_USER_PATHS = NO;
				CLANG_ANALYZER_NONNULL = YES;
				CLANG_ANALYZER_NUMBER_OBJECT_CONVERSION = YES_AGGRESSIVE;
				CLANG_CXX_LANGUAGE_STANDARD = "gnu++14";
				CLANG_CXX_LIBRARY = "libc++";
				CLANG_ENABLE_MODULES = YES;
				CLANG_ENABLE_OBJC_ARC = YES;
				CLANG_ENABLE_OBJC_WEAK = YES;
				CLANG_WARN_BLOCK_CAPTURE_AUTORELEASING = YES;
				CLANG_WARN_BOOL_CONVERSION = YES;
				CLANG_WARN_COMMA = YES;
				CLANG_WARN_CONSTANT_CONVERSION = YES;
				CLANG_WARN_DEPRECATED_OBJC_IMPLEMENTATIONS = YES;
				CLANG_WARN_DIRECT_OBJC_ISA_USAGE = YES_ERROR;
				CLANG_WARN_DOCUMENTATION_COMMENTS = YES;
				CLANG_WARN_EMPTY_BODY = YES;
				CLANG_WARN_ENUM_CONVERSION = YES;
				CLANG_WARN_INFINITE_RECURSION = YES;
				CLANG_WARN_INT_CONVERSION = YES;
				CLANG_WARN_NON_LITERAL_NULL_CONVERSION = YES;
				CLANG_WARN_OBJC_IMPLICIT_RETAIN_SELF = YES;
				CLANG_WARN_OBJC_LITERAL_CONVERSION = YES;
				CLANG_WARN_OBJC_ROOT_CLASS = YES_ERROR;
				CLANG_WARN_RANGE_LOOP_ANALYSIS = YES;
				CLANG_WARN_STRICT_PROTOTYPES = YES;
				CLANG_WARN_SUSPICIOUS_MOVE = YES;
				CLANG_WARN_UNGUARDED_AVAILABILITY = YES_AGGRESSIVE;
				CLANG_WARN_UNREACHABLE_CODE = YES;
				CLANG_WARN__DUPLICATE_METHOD_MATCH = YES;
				CODE_SIGN_IDENTITY = "iPhone Developer";
				COPY_PHASE_STRIP = NO;
				DEBUG_INFORMATION_FORMAT = "dwarf-with-dsym";
				ENABLE_NS_ASSERTIONS = NO;
				ENABLE_STRICT_OBJC_MSGSEND = YES;
				GCC_C_LANGUAGE_STANDARD = gnu11;
				GCC_NO_COMMON_BLOCKS = YES;
				GCC_WARN_64_TO_32_BIT_CONVERSION = YES;
				GCC_WARN_ABOUT_RETURN_TYPE = YES_ERROR;
				GCC_WARN_UNDECLARED_SELECTOR = YES;
				GCC_WARN_UNINITIALIZED_AUTOS = YES_AGGRESSIVE;
				GCC_WARN_UNUSED_FUNCTION = YES;
				GCC_WARN_UNUSED_VARIABLE = YES;
				IPHONEOS_DEPLOYMENT_TARGET = 12.1;
				MTL_ENABLE_DEBUG_INFO = NO;
				MTL_FAST_MATH = YES;
				SDKROOT = iphoneos;
				SWIFT_COMPILATION_MODE = wholemodule;
				SWIFT_OPTIMIZATION_LEVEL = "-O";
				VALIDATE_PRODUCT = YES;
			};
			name = Release;
		};
		D2251EFB21BCDFFA00C050EF /* Debug */ = {
			isa = XCBuildConfiguration;
			buildSettings = {
				ASSETCATALOG_COMPILER_APPICON_NAME = AppIcon;
				CODE_SIGN_STYLE = Automatic;
				INFOPLIST_FILE = AppNav/Info.plist;
				LD_RUNPATH_SEARCH_PATHS = (
					"$(inherited)",
					"@executable_path/Frameworks",
				);
				PRODUCT_BUNDLE_IDENTIFIER = com.neilsultimatelab.AppNav;
				PRODUCT_NAME = "$(TARGET_NAME)";
				SWIFT_VERSION = 4.2;
				TARGETED_DEVICE_FAMILY = "1,2";
			};
			name = Debug;
		};
		D2251EFC21BCDFFA00C050EF /* Release */ = {
			isa = XCBuildConfiguration;
			buildSettings = {
				ASSETCATALOG_COMPILER_APPICON_NAME = AppIcon;
				CODE_SIGN_STYLE = Automatic;
				INFOPLIST_FILE = AppNav/Info.plist;
				LD_RUNPATH_SEARCH_PATHS = (
					"$(inherited)",
					"@executable_path/Frameworks",
				);
				PRODUCT_BUNDLE_IDENTIFIER = com.neilsultimatelab.AppNav;
				PRODUCT_NAME = "$(TARGET_NAME)";
				SWIFT_VERSION = 4.2;
				TARGETED_DEVICE_FAMILY = "1,2";
			};
			name = Release;
		};
/* End XCBuildConfiguration section */

/* Begin XCConfigurationList section */
		D2251EE321BCDFF900C050EF /* Build configuration list for PBXProject "AppNav" */ = {
			isa = XCConfigurationList;
			buildConfigurations = (
				D2251EF821BCDFFA00C050EF /* Debug */,
				D2251EF921BCDFFA00C050EF /* Release */,
			);
			defaultConfigurationIsVisible = 0;
			defaultConfigurationName = Release;
		};
		D2251EFA21BCDFFA00C050EF /* Build configuration list for PBXNativeTarget "AppNav" */ = {
			isa = XCConfigurationList;
			buildConfigurations = (
				D2251EFB21BCDFFA00C050EF /* Debug */,
				D2251EFC21BCDFFA00C050EF /* Release */,
			);
			defaultConfigurationIsVisible = 0;
			defaultConfigurationName = Release;
		};
/* End XCConfigurationList section */
	};
	rootObject = D2251EE021BCDFF900C050EF /* Project object */;
}
